{
  "version": 4,
  "terraform_version": "1.13.4",
  "serial": 322,
  "lineage": "33c4c332-d270-b41c-bdb2-13c6d3102c10",
  "outputs": {
    "autoscaling_group_name": {
      "value": "ecs-s3-mount-asg",
      "type": "string"
    },
    "cloudwatch_log_group": {
      "value": "/ecs/ecs-s3-mount",
      "type": "string"
    },
    "ecs_cluster_arn": {
      "value": "arn:aws:ecs:ap-southeast-1:533267047935:cluster/ecs-s3-mount-cluster",
      "type": "string"
    },
    "ecs_cluster_name": {
      "value": "ecs-s3-mount-cluster",
      "type": "string"
    },
    "ecs_service_name": {
      "value": "ecs-s3-mount-service",
      "type": "string"
    },
    "s3_bucket_arn": {
      "value": "arn:aws:s3:::ecs-s3-test-bucket-fkr2gvtd",
      "type": "string"
    },
    "s3_bucket_name": {
      "value": "ecs-s3-test-bucket-fkr2gvtd",
      "type": "string"
    },
    "security_group_id": {
      "value": "sg-09dcd8b91c2811b36",
      "type": "string"
    },
    "subnet_ids": {
      "value": [
        "subnet-0338e931fe57d0471",
        "subnet-04f2a535f65c37d39"
      ],
      "type": [
        "tuple",
        [
          "string",
          "string"
        ]
      ]
    },
    "test_commands": {
      "value": {
        "check_asg": "aws autoscaling describe-auto-scaling-groups --auto-scaling-group-names ecs-s3-mount-asg --region ap-southeast-1",
        "check_cluster": "aws ecs describe-clusters --clusters ecs-s3-mount-cluster --region ap-southeast-1",
        "check_service": "aws ecs describe-services --cluster ecs-s3-mount-cluster --services ecs-s3-mount-service --region ap-southeast-1",
        "check_tasks": "aws ecs list-tasks --cluster ecs-s3-mount-cluster --region ap-southeast-1",
        "view_logs": "aws logs describe-log-streams --log-group-name /ecs/ecs-s3-mount --region ap-southeast-1"
      },
      "type": [
        "object",
        {
          "check_asg": "string",
          "check_cluster": "string",
          "check_service": "string",
          "check_tasks": "string",
          "view_logs": "string"
        }
      ]
    },
    "vpc_id": {
      "value": "vpc-0e7ef7b5337ec4f15",
      "type": "string"
    }
  },
  "resources": [
    {
      "mode": "data",
      "type": "aws_ami",
      "name": "ecs_optimized",
      "provider": "provider[\"registry.terraform.io/hashicorp/aws\"]",
      "instances": [
        {
          "schema_version": 0,
          "attributes": {
            "architecture": "x86_64",
            "arn": "arn:aws:ec2:ap-southeast-1::image/ami-071c1b4811757aa5b",
            "block_device_mappings": [
              {
                "device_name": "/dev/xvda",
                "ebs": {
                  "delete_on_termination": "true",
                  "encrypted": "false",
                  "iops": "0",
                  "snapshot_id": "snap-06ae3768af3ca03a8",
                  "throughput": "0",
                  "volume_initialization_rate": "0",
                  "volume_size": "30",
                  "volume_type": "gp2"
                },
                "no_device": "",
                "virtual_name": ""
              }
            ],
            "boot_mode": "",
            "creation_date": "2025-11-08T19:33:18.000Z",
            "deprecation_time": "2027-11-08T19:33:18.000Z",
            "description": "Amazon Linux AMI 2.0.20251108 x86_64 ECS HVM GP2",
            "ena_support": true,
            "executable_users": null,
            "filter": [
              {
                "name": "name",
                "values": [
                  "amzn2-ami-ecs-hvm-*-x86_64-ebs"
                ]
              },
              {
                "name": "virtualization-type",
                "values": [
                  "hvm"
                ]
              }
            ],
            "hypervisor": "xen",
            "id": "ami-071c1b4811757aa5b",
            "image_id": "ami-071c1b4811757aa5b",
            "image_location": "amazon/amzn2-ami-ecs-hvm-2.0.20251108-x86_64-ebs",
            "image_owner_alias": "amazon",
            "image_type": "machine",
            "imds_support": "",
            "include_deprecated": false,
            "kernel_id": "",
            "last_launched_time": "",
            "most_recent": true,
            "name": "amzn2-ami-ecs-hvm-2.0.20251108-x86_64-ebs",
            "name_regex": null,
            "owner_id": "591542846629",
            "owners": [
              "amazon"
            ],
            "platform": "",
            "platform_details": "Linux/UNIX",
            "product_codes": [],
            "public": true,
            "ramdisk_id": "",
            "root_device_name": "/dev/xvda",
            "root_device_type": "ebs",
            "root_snapshot_id": "snap-06ae3768af3ca03a8",
            "sriov_net_support": "simple",
            "state": "available",
            "state_reason": {
              "code": "UNSET",
              "message": "UNSET"
            },
            "tags": {},
            "timeouts": null,
            "tpm_support": "",
            "uefi_data": null,
            "usage_operation": "RunInstances",
            "virtualization_type": "hvm"
          },
          "sensitive_attributes": [],
          "identity_schema_version": 0
        }
      ]
    },
    {
      "mode": "data",
      "type": "aws_availability_zones",
      "name": "available",
      "provider": "provider[\"registry.terraform.io/hashicorp/aws\"]",
      "instances": [
        {
          "schema_version": 0,
          "attributes": {
            "all_availability_zones": null,
            "exclude_names": null,
            "exclude_zone_ids": null,
            "filter": null,
            "group_names": [
              "ap-southeast-1-zg-1"
            ],
            "id": "ap-southeast-1",
            "names": [
              "ap-southeast-1a",
              "ap-southeast-1b",
              "ap-southeast-1c"
            ],
            "state": "available",
            "timeouts": null,
            "zone_ids": [
              "apse1-az1",
              "apse1-az2",
              "apse1-az3"
            ]
          },
          "sensitive_attributes": [],
          "identity_schema_version": 0
        }
      ]
    },
    {
      "mode": "data",
      "type": "aws_caller_identity",
      "name": "current",
      "provider": "provider[\"registry.terraform.io/hashicorp/aws\"]",
      "instances": [
        {
          "schema_version": 0,
          "attributes": {
            "account_id": "533267047935",
            "arn": "arn:aws:iam::533267047935:user/sa-malibo",
            "id": "533267047935",
            "user_id": "AIDAXYKJRMX7ZVXUZET4D"
          },
          "sensitive_attributes": [],
          "identity_schema_version": 0
        }
      ]
    },
    {
      "mode": "managed",
      "type": "aws_autoscaling_group",
      "name": "ecs_asg",
      "provider": "provider[\"registry.terraform.io/hashicorp/aws\"]",
      "instances": [
        {
          "schema_version": 1,
          "attributes": {
            "arn": "arn:aws:autoscaling:ap-southeast-1:533267047935:autoScalingGroup:a9413752-d6fb-41fc-a1c5-239fcb3cea44:autoScalingGroupName/ecs-s3-mount-asg",
            "availability_zone_distribution": [
              {
                "capacity_distribution_strategy": "balanced-best-effort"
              }
            ],
            "availability_zones": [
              "ap-southeast-1a",
              "ap-southeast-1b"
            ],
            "capacity_rebalance": false,
            "capacity_reservation_specification": [
              {
                "capacity_reservation_preference": "default",
                "capacity_reservation_target": []
              }
            ],
            "context": "",
            "default_cooldown": 300,
            "default_instance_warmup": 0,
            "desired_capacity": 1,
            "desired_capacity_type": "",
            "enabled_metrics": null,
            "force_delete": false,
            "force_delete_warm_pool": false,
            "health_check_grace_period": 300,
            "health_check_type": "EC2",
            "id": "ecs-s3-mount-asg",
            "ignore_failed_scaling_activities": false,
            "initial_lifecycle_hook": [],
            "instance_maintenance_policy": [],
            "instance_refresh": [],
            "launch_configuration": "",
            "launch_template": [
              {
                "id": "lt-0d52fd955ff01531c",
                "name": "ecs-s3-mount-20251110094200715100000007",
                "version": "$Latest"
              }
            ],
            "load_balancers": [],
            "max_instance_lifetime": 0,
            "max_size": 3,
            "metrics_granularity": "1Minute",
            "min_elb_capacity": null,
            "min_size": 1,
            "mixed_instances_policy": [],
            "name": "ecs-s3-mount-asg",
            "name_prefix": "",
            "placement_group": "",
            "predicted_capacity": 0,
            "protect_from_scale_in": false,
            "service_linked_role_arn": "arn:aws:iam::533267047935:role/aws-service-role/autoscaling.amazonaws.com/AWSServiceRoleForAutoScaling",
            "suspended_processes": null,
            "tag": [
              {
                "key": "Compliance",
                "propagate_at_launch": true,
                "value": "None"
              },
              {
                "key": "CostCenter",
                "propagate_at_launch": true,
                "value": "Engineering"
              },
              {
                "key": "Environment",
                "propagate_at_launch": true,
                "value": "test"
              },
              {
                "key": "ManagedBy",
                "propagate_at_launch": true,
                "value": "terraform"
              },
              {
                "key": "Name",
                "propagate_at_launch": false,
                "value": "ecs-s3-mount-asg"
              },
              {
                "key": "Owner",
                "propagate_at_launch": true,
                "value": "DevOps Team"
              },
              {
                "key": "Project",
                "propagate_at_launch": true,
                "value": "ecs-s3-mount"
              }
            ],
            "target_group_arns": [],
            "termination_policies": null,
            "timeouts": null,
            "traffic_source": [],
            "vpc_zone_identifier": [
              "subnet-0338e931fe57d0471",
              "subnet-04f2a535f65c37d39"
            ],
            "wait_for_capacity_timeout": "10m",
            "wait_for_elb_capacity": null,
            "warm_pool": [],
            "warm_pool_size": 0
          },
          "sensitive_attributes": [],
          "identity_schema_version": 0,
          "private": "eyJlMmJmYjczMC1lY2FhLTExZTYtOGY4OC0zNDM2M2JjN2M0YzAiOnsiZGVsZXRlIjo2MDAwMDAwMDAwMDAsInVwZGF0ZSI6NjAwMDAwMDAwMDAwfSwic2NoZW1hX3ZlcnNpb24iOiIxIn0=",
          "dependencies": [
            "aws_ecs_cluster.main",
            "aws_iam_instance_profile.ecs_instance_profile",
            "aws_iam_role.ecs_instance_role",
            "aws_launch_template.ecs_template",
            "aws_s3_bucket.test_bucket",
            "aws_security_group.ecs_sg",
            "aws_subnet.public",
            "aws_vpc.main",
            "data.aws_ami.ecs_optimized",
            "data.aws_availability_zones.available",
            "random_string.suffix"
          ]
        }
      ]
    },
    {
      "mode": "managed",
      "type": "aws_cloudwatch_log_group",
      "name": "ecs_logs",
      "provider": "provider[\"registry.terraform.io/hashicorp/aws\"]",
      "instances": [
        {
          "schema_version": 0,
          "attributes": {
            "arn": "arn:aws:logs:ap-southeast-1:533267047935:log-group:/ecs/ecs-s3-mount",
            "id": "/ecs/ecs-s3-mount",
            "kms_key_id": "",
            "log_group_class": "STANDARD",
            "name": "/ecs/ecs-s3-mount",
            "name_prefix": "",
            "retention_in_days": 7,
            "skip_destroy": false,
            "tags": {
              "Compliance": "None",
              "CostCenter": "Engineering",
              "Environment": "test",
              "ManagedBy": "terraform",
              "Owner": "DevOps Team",
              "Project": "ecs-s3-mount"
            },
            "tags_all": {
              "Compliance": "None",
              "CostCenter": "Engineering",
              "Environment": "test",
              "ManagedBy": "terraform",
              "Owner": "DevOps Team",
              "Project": "ecs-s3-mount"
            }
          },
          "sensitive_attributes": [],
          "identity_schema_version": 0,
          "private": "bnVsbA=="
        }
      ]
    },
    {
      "mode": "managed",
      "type": "aws_ecs_cluster",
      "name": "main",
      "provider": "provider[\"registry.terraform.io/hashicorp/aws\"]",
      "instances": [
        {
          "schema_version": 0,
          "attributes": {
            "arn": "arn:aws:ecs:ap-southeast-1:533267047935:cluster/ecs-s3-mount-cluster",
            "configuration": [],
            "id": "arn:aws:ecs:ap-southeast-1:533267047935:cluster/ecs-s3-mount-cluster",
            "name": "ecs-s3-mount-cluster",
            "service_connect_defaults": [],
            "setting": [
              {
                "name": "containerInsights",
                "value": "enabled"
              }
            ],
            "tags": {
              "Compliance": "None",
              "CostCenter": "Engineering",
              "Environment": "test",
              "ManagedBy": "terraform",
              "Owner": "DevOps Team",
              "Project": "ecs-s3-mount"
            },
            "tags_all": {
              "Compliance": "None",
              "CostCenter": "Engineering",
              "Environment": "test",
              "ManagedBy": "terraform",
              "Owner": "DevOps Team",
              "Project": "ecs-s3-mount"
            }
          },
          "sensitive_attributes": [],
          "identity_schema_version": 0,
          "private": "bnVsbA=="
        }
      ]
    },
    {
      "mode": "managed",
      "type": "aws_ecs_service",
      "name": "s3_mount_service",
      "provider": "provider[\"registry.terraform.io/hashicorp/aws\"]",
      "instances": [
        {
          "schema_version": 1,
          "attributes": {
            "alarms": [],
            "availability_zone_rebalancing": "DISABLED",
            "capacity_provider_strategy": [],
            "cluster": "arn:aws:ecs:ap-southeast-1:533267047935:cluster/ecs-s3-mount-cluster",
            "deployment_circuit_breaker": [
              {
                "enable": false,
                "rollback": false
              }
            ],
            "deployment_controller": [
              {
                "type": "ECS"
              }
            ],
            "deployment_maximum_percent": 200,
            "deployment_minimum_healthy_percent": 100,
            "desired_count": 1,
            "enable_ecs_managed_tags": false,
            "enable_execute_command": false,
            "force_delete": null,
            "force_new_deployment": null,
            "health_check_grace_period_seconds": 0,
            "iam_role": "/aws-service-role/ecs.amazonaws.com/AWSServiceRoleForECS",
            "id": "arn:aws:ecs:ap-southeast-1:533267047935:service/ecs-s3-mount-cluster/ecs-s3-mount-service",
            "launch_type": "EC2",
            "load_balancer": [],
            "name": "ecs-s3-mount-service",
            "network_configuration": [
              {
                "assign_public_ip": false,
                "security_groups": [
                  "sg-09dcd8b91c2811b36"
                ],
                "subnets": [
                  "subnet-0338e931fe57d0471",
                  "subnet-04f2a535f65c37d39"
                ]
              }
            ],
            "ordered_placement_strategy": [],
            "placement_constraints": [],
            "platform_version": "",
            "propagate_tags": "NONE",
            "scheduling_strategy": "REPLICA",
            "service_connect_configuration": [],
            "service_registries": [],
            "tags": {
              "Compliance": "None",
              "CostCenter": "Engineering",
              "Environment": "test",
              "ManagedBy": "terraform",
              "Owner": "DevOps Team",
              "Project": "ecs-s3-mount"
            },
            "tags_all": {
              "Compliance": "None",
              "CostCenter": "Engineering",
              "Environment": "test",
              "ManagedBy": "terraform",
              "Owner": "DevOps Team",
              "Project": "ecs-s3-mount"
            },
            "task_definition": "arn:aws:ecs:ap-southeast-1:533267047935:task-definition/ecs-s3-mount-task:1",
            "timeouts": null,
            "triggers": {},
            "volume_configuration": [],
            "vpc_lattice_configurations": [],
            "wait_for_steady_state": false
          },
          "sensitive_attributes": [],
          "identity_schema_version": 0,
          "private": "eyJlMmJmYjczMC1lY2FhLTExZTYtOGY4OC0zNDM2M2JjN2M0YzAiOnsiY3JlYXRlIjoxMjAwMDAwMDAwMDAwLCJkZWxldGUiOjEyMDAwMDAwMDAwMDAsInVwZGF0ZSI6MTIwMDAwMDAwMDAwMH0sInNjaGVtYV92ZXJzaW9uIjoiMSJ9",
          "dependencies": [
            "aws_autoscaling_group.ecs_asg",
            "aws_cloudwatch_log_group.ecs_logs",
            "aws_ecs_cluster.main",
            "aws_ecs_task_definition.s3_mount_task",
            "aws_iam_instance_profile.ecs_instance_profile",
            "aws_iam_role.ecs_instance_role",
            "aws_iam_role.ecs_task_execution_role",
            "aws_iam_role.ecs_task_role",
            "aws_launch_template.ecs_template",
            "aws_s3_bucket.test_bucket",
            "aws_security_group.ecs_sg",
            "aws_subnet.public",
            "aws_vpc.main",
            "data.aws_ami.ecs_optimized",
            "data.aws_availability_zones.available",
            "random_string.suffix"
          ]
        }
      ]
    },
    {
      "mode": "managed",
      "type": "aws_ecs_task_definition",
      "name": "s3_mount_task",
      "provider": "provider[\"registry.terraform.io/hashicorp/aws\"]",
      "instances": [
        {
          "schema_version": 1,
          "attributes": {
            "arn": "arn:aws:ecs:ap-southeast-1:533267047935:task-definition/ecs-s3-mount-task:1",
            "arn_without_revision": "arn:aws:ecs:ap-southeast-1:533267047935:task-definition/ecs-s3-mount-task",
            "container_definitions": "[{\"command\":[\"/bin/bash\",\"-c\",\"echo 'Starting S3 mount test...' \u0026\u0026 ls -la /app/s3-data \u0026\u0026 echo 'Contents of test-data directory:' \u0026\u0026 ls -la /app/s3-data/test-data/ \u0026\u0026 echo 'Reading sample.txt:' \u0026\u0026 cat /app/s3-data/test-data/sample.txt \u0026\u0026 echo 'Reading config.json:' \u0026\u0026 cat /app/s3-data/test-data/config.json \u0026\u0026 echo 'S3 mount test completed successfully!' \u0026\u0026 tail -f /dev/null\"],\"environment\":[],\"essential\":true,\"image\":\"amazonlinux:2023\",\"logConfiguration\":{\"logDriver\":\"awslogs\",\"options\":{\"awslogs-group\":\"/ecs/ecs-s3-mount\",\"awslogs-region\":\"ap-southeast-1\",\"awslogs-stream-prefix\":\"ecs\"}},\"mountPoints\":[{\"containerPath\":\"/app/s3-data\",\"readOnly\":false,\"sourceVolume\":\"s3-volume\"}],\"name\":\"s3-test-app\",\"portMappings\":[],\"systemControls\":[],\"volumesFrom\":[]}]",
            "cpu": "1024",
            "enable_fault_injection": false,
            "ephemeral_storage": [],
            "execution_role_arn": "arn:aws:iam::533267047935:role/ecs-s3-mount-ecs-task-execution-role",
            "family": "ecs-s3-mount-task",
            "id": "ecs-s3-mount-task",
            "inference_accelerator": [],
            "ipc_mode": "",
            "memory": "8192",
            "network_mode": "awsvpc",
            "pid_mode": "",
            "placement_constraints": [],
            "proxy_configuration": [],
            "requires_compatibilities": [
              "EC2"
            ],
            "revision": 1,
            "runtime_platform": [],
            "skip_destroy": false,
            "tags": {
              "Compliance": "None",
              "CostCenter": "Engineering",
              "Environment": "test",
              "ManagedBy": "terraform",
              "Owner": "DevOps Team",
              "Project": "ecs-s3-mount"
            },
            "tags_all": {
              "Compliance": "None",
              "CostCenter": "Engineering",
              "Environment": "test",
              "ManagedBy": "terraform",
              "Owner": "DevOps Team",
              "Project": "ecs-s3-mount"
            },
            "task_role_arn": "arn:aws:iam::533267047935:role/ecs-s3-mount-ecs-task-role",
            "track_latest": false,
            "volume": [
              {
                "configure_at_launch": false,
                "docker_volume_configuration": [],
                "efs_volume_configuration": [],
                "fsx_windows_file_server_volume_configuration": [],
                "host_path": "/mnt/s3-bucket",
                "name": "s3-volume"
              }
            ]
          },
          "sensitive_attributes": [],
          "identity_schema_version": 0,
          "private": "eyJzY2hlbWFfdmVyc2lvbiI6IjEifQ==",
          "dependencies": [
            "aws_cloudwatch_log_group.ecs_logs",
            "aws_iam_role.ecs_task_execution_role",
            "aws_iam_role.ecs_task_role"
          ]
        }
      ]
    },
    {
      "mode": "managed",
      "type": "aws_iam_instance_profile",
      "name": "ecs_instance_profile",
      "provider": "provider[\"registry.terraform.io/hashicorp/aws\"]",
      "instances": [
        {
          "schema_version": 0,
          "attributes": {
            "arn": "arn:aws:iam::533267047935:instance-profile/ecs-s3-mount-ecs-instance-profile",
            "create_date": "2025-11-10T09:41:49Z",
            "id": "ecs-s3-mount-ecs-instance-profile",
            "name": "ecs-s3-mount-ecs-instance-profile",
            "name_prefix": "",
            "path": "/",
            "role": "ecs-s3-mount-ecs-instance-role",
            "tags": {
              "Compliance": "None",
              "CostCenter": "Engineering",
              "Environment": "test",
              "ManagedBy": "terraform",
              "Owner": "DevOps Team",
              "Project": "ecs-s3-mount"
            },
            "tags_all": {
              "Compliance": "None",
              "CostCenter": "Engineering",
              "Environment": "test",
              "ManagedBy": "terraform",
              "Owner": "DevOps Team",
              "Project": "ecs-s3-mount"
            },
            "unique_id": "AIPAXYKJRMX74KULJBAM7"
          },
          "sensitive_attributes": [],
          "identity_schema_version": 0,
          "private": "bnVsbA==",
          "dependencies": [
            "aws_iam_role.ecs_instance_role"
          ]
        }
      ]
    },
    {
      "mode": "managed",
      "type": "aws_iam_role",
      "name": "ecs_instance_role",
      "provider": "provider[\"registry.terraform.io/hashicorp/aws\"]",
      "instances": [
        {
          "schema_version": 0,
          "attributes": {
            "arn": "arn:aws:iam::533267047935:role/ecs-s3-mount-ecs-instance-role",
            "assume_role_policy": "{\"Statement\":[{\"Action\":\"sts:AssumeRole\",\"Effect\":\"Allow\",\"Principal\":{\"Service\":\"ec2.amazonaws.com\"}}],\"Version\":\"2012-10-17\"}",
            "create_date": "2025-11-10T09:41:47Z",
            "description": "",
            "force_detach_policies": false,
            "id": "ecs-s3-mount-ecs-instance-role",
            "inline_policy": [],
            "managed_policy_arns": [],
            "max_session_duration": 3600,
            "name": "ecs-s3-mount-ecs-instance-role",
            "name_prefix": "",
            "path": "/",
            "permissions_boundary": "",
            "tags": {
              "Compliance": "None",
              "CostCenter": "Engineering",
              "Environment": "test",
              "ManagedBy": "terraform",
              "Owner": "DevOps Team",
              "Project": "ecs-s3-mount"
            },
            "tags_all": {
              "Compliance": "None",
              "CostCenter": "Engineering",
              "Environment": "test",
              "ManagedBy": "terraform",
              "Owner": "DevOps Team",
              "Project": "ecs-s3-mount"
            },
            "unique_id": "AROAXYKJRMX744THZBZDT"
          },
          "sensitive_attributes": [],
          "identity_schema_version": 0,
          "private": "bnVsbA=="
        }
      ]
    },
    {
      "mode": "managed",
      "type": "aws_iam_role",
      "name": "ecs_task_execution_role",
      "provider": "provider[\"registry.terraform.io/hashicorp/aws\"]",
      "instances": [
        {
          "schema_version": 0,
          "attributes": {
            "arn": "arn:aws:iam::533267047935:role/ecs-s3-mount-ecs-task-execution-role",
            "assume_role_policy": "{\"Statement\":[{\"Action\":\"sts:AssumeRole\",\"Effect\":\"Allow\",\"Principal\":{\"Service\":\"ecs-tasks.amazonaws.com\"}}],\"Version\":\"2012-10-17\"}",
            "create_date": "2025-11-10T09:41:47Z",
            "description": "",
            "force_detach_policies": false,
            "id": "ecs-s3-mount-ecs-task-execution-role",
            "inline_policy": [],
            "managed_policy_arns": [],
            "max_session_duration": 3600,
            "name": "ecs-s3-mount-ecs-task-execution-role",
            "name_prefix": "",
            "path": "/",
            "permissions_boundary": "",
            "tags": {
              "Compliance": "None",
              "CostCenter": "Engineering",
              "Environment": "test",
              "ManagedBy": "terraform",
              "Owner": "DevOps Team",
              "Project": "ecs-s3-mount"
            },
            "tags_all": {
              "Compliance": "None",
              "CostCenter": "Engineering",
              "Environment": "test",
              "ManagedBy": "terraform",
              "Owner": "DevOps Team",
              "Project": "ecs-s3-mount"
            },
            "unique_id": "AROAXYKJRMX7QWVJSS3QM"
          },
          "sensitive_attributes": [],
          "identity_schema_version": 0,
          "private": "bnVsbA=="
        }
      ]
    },
    {
      "mode": "managed",
      "type": "aws_iam_role",
      "name": "ecs_task_role",
      "provider": "provider[\"registry.terraform.io/hashicorp/aws\"]",
      "instances": [
        {
          "schema_version": 0,
          "attributes": {
            "arn": "arn:aws:iam::533267047935:role/ecs-s3-mount-ecs-task-role",
            "assume_role_policy": "{\"Statement\":[{\"Action\":\"sts:AssumeRole\",\"Effect\":\"Allow\",\"Principal\":{\"Service\":\"ecs-tasks.amazonaws.com\"}}],\"Version\":\"2012-10-17\"}",
            "create_date": "2025-11-10T09:41:47Z",
            "description": "",
            "force_detach_policies": false,
            "id": "ecs-s3-mount-ecs-task-role",
            "inline_policy": [],
            "managed_policy_arns": [],
            "max_session_duration": 3600,
            "name": "ecs-s3-mount-ecs-task-role",
            "name_prefix": "",
            "path": "/",
            "permissions_boundary": "",
            "tags": {
              "Compliance": "None",
              "CostCenter": "Engineering",
              "Environment": "test",
              "ManagedBy": "terraform",
              "Owner": "DevOps Team",
              "Project": "ecs-s3-mount"
            },
            "tags_all": {
              "Compliance": "None",
              "CostCenter": "Engineering",
              "Environment": "test",
              "ManagedBy": "terraform",
              "Owner": "DevOps Team",
              "Project": "ecs-s3-mount"
            },
            "unique_id": "AROAXYKJRMX74YY4OTBEP"
          },
          "sensitive_attributes": [],
          "identity_schema_version": 0,
          "private": "bnVsbA=="
        }
      ]
    },
    {
      "mode": "managed",
      "type": "aws_iam_role_policy",
      "name": "ecs_instance_kms_full",
      "provider": "provider[\"registry.terraform.io/hashicorp/aws\"]",
      "instances": [
        {
          "schema_version": 0,
          "attributes": {
            "id": "ecs-s3-mount-ecs-instance-role:ecs-s3-mount-kms-full-policy",
            "name": "ecs-s3-mount-kms-full-policy",
            "name_prefix": "",
            "policy": "{\"Version\":\"2012-10-17\",\"Statement\":[{\"Action\":[\"kms:*\"],\"Effect\":\"Allow\",\"Resource\":\"*\"}]}",
            "role": "ecs-s3-mount-ecs-instance-role"
          },
          "sensitive_attributes": [],
          "identity_schema_version": 0,
          "private": "bnVsbA==",
          "dependencies": [
            "aws_iam_role.ecs_instance_role"
          ]
        }
      ]
    },
    {
      "mode": "managed",
      "type": "aws_iam_role_policy",
      "name": "ecs_s3_policy",
      "provider": "provider[\"registry.terraform.io/hashicorp/aws\"]",
      "instances": [
        {
          "schema_version": 0,
          "attributes": {
            "id": "ecs-s3-mount-ecs-task-role:ecs-s3-mount-s3-access-policy",
            "name": "ecs-s3-mount-s3-access-policy",
            "name_prefix": "",
            "policy": "{\"Version\":\"2012-10-17\",\"Statement\":[{\"Action\":[\"s3:GetObject\",\"s3:PutObject\",\"s3:DeleteObject\",\"s3:ListBucket\",\"s3:GetBucketLocation\"],\"Effect\":\"Allow\",\"Resource\":[\"arn:aws:s3:::ecs-s3-test-bucket-fkr2gvtd\",\"arn:aws:s3:::ecs-s3-test-bucket-fkr2gvtd/*\"]}]}",
            "role": "ecs-s3-mount-ecs-task-role"
          },
          "sensitive_attributes": [],
          "identity_schema_version": 0,
          "private": "bnVsbA==",
          "dependencies": [
            "aws_iam_role.ecs_task_role",
            "aws_s3_bucket.test_bucket",
            "random_string.suffix"
          ]
        }
      ]
    },
    {
      "mode": "managed",
      "type": "aws_iam_role_policy_attachment",
      "name": "ecs_instance_role_policy",
      "provider": "provider[\"registry.terraform.io/hashicorp/aws\"]",
      "instances": [
        {
          "schema_version": 0,
          "attributes": {
            "id": "ecs-s3-mount-ecs-instance-role-20251110094148908400000002",
            "policy_arn": "arn:aws:iam::aws:policy/service-role/AmazonEC2ContainerServiceforEC2Role",
            "role": "ecs-s3-mount-ecs-instance-role"
          },
          "sensitive_attributes": [],
          "identity_schema_version": 0,
          "private": "bnVsbA==",
          "dependencies": [
            "aws_iam_role.ecs_instance_role"
          ]
        }
      ]
    },
    {
      "mode": "managed",
      "type": "aws_iam_role_policy_attachment",
      "name": "ecs_instance_s3_full_access",
      "provider": "provider[\"registry.terraform.io/hashicorp/aws\"]",
      "instances": [
        {
          "schema_version": 0,
          "attributes": {
            "id": "ecs-s3-mount-ecs-instance-role-20251110094149192300000004",
            "policy_arn": "arn:aws:iam::aws:policy/AmazonS3FullAccess",
            "role": "ecs-s3-mount-ecs-instance-role"
          },
          "sensitive_attributes": [],
          "identity_schema_version": 0,
          "private": "bnVsbA==",
          "dependencies": [
            "aws_iam_role.ecs_instance_role"
          ]
        }
      ]
    },
    {
      "mode": "managed",
      "type": "aws_iam_role_policy_attachment",
      "name": "ecs_instance_ssm_policy",
      "provider": "provider[\"registry.terraform.io/hashicorp/aws\"]",
      "instances": [
        {
          "schema_version": 0,
          "attributes": {
            "id": "ecs-s3-mount-ecs-instance-role-20251110094149087700000003",
            "policy_arn": "arn:aws:iam::aws:policy/AmazonSSMManagedInstanceCore",
            "role": "ecs-s3-mount-ecs-instance-role"
          },
          "sensitive_attributes": [],
          "identity_schema_version": 0,
          "private": "bnVsbA==",
          "dependencies": [
            "aws_iam_role.ecs_instance_role"
          ]
        }
      ]
    },
    {
      "mode": "managed",
      "type": "aws_iam_role_policy_attachment",
      "name": "ecs_task_execution_role_policy",
      "provider": "provider[\"registry.terraform.io/hashicorp/aws\"]",
      "instances": [
        {
          "schema_version": 0,
          "attributes": {
            "id": "ecs-s3-mount-ecs-task-execution-role-20251110094148820700000001",
            "policy_arn": "arn:aws:iam::aws:policy/service-role/AmazonECSTaskExecutionRolePolicy",
            "role": "ecs-s3-mount-ecs-task-execution-role"
          },
          "sensitive_attributes": [],
          "identity_schema_version": 0,
          "private": "bnVsbA==",
          "dependencies": [
            "aws_iam_role.ecs_task_execution_role"
          ]
        }
      ]
    },
    {
      "mode": "managed",
      "type": "aws_internet_gateway",
      "name": "main",
      "provider": "provider[\"registry.terraform.io/hashicorp/aws\"]",
      "instances": [
        {
          "schema_version": 0,
          "attributes": {
            "arn": "arn:aws:ec2:ap-southeast-1:533267047935:internet-gateway/igw-0564ce25058a2282e",
            "id": "igw-0564ce25058a2282e",
            "owner_id": "533267047935",
            "tags": {
              "Compliance": "None",
              "CostCenter": "Engineering",
              "Environment": "test",
              "ManagedBy": "terraform",
              "Name": "ecs-s3-mount-igw",
              "Owner": "DevOps Team",
              "Project": "ecs-s3-mount"
            },
            "tags_all": {
              "Compliance": "None",
              "CostCenter": "Engineering",
              "Environment": "test",
              "ManagedBy": "terraform",
              "Name": "ecs-s3-mount-igw",
              "Owner": "DevOps Team",
              "Project": "ecs-s3-mount"
            },
            "timeouts": null,
            "vpc_id": "vpc-0e7ef7b5337ec4f15"
          },
          "sensitive_attributes": [],
          "identity_schema_version": 0,
          "private": "eyJlMmJmYjczMC1lY2FhLTExZTYtOGY4OC0zNDM2M2JjN2M0YzAiOnsiY3JlYXRlIjoxMjAwMDAwMDAwMDAwLCJkZWxldGUiOjEyMDAwMDAwMDAwMDAsInVwZGF0ZSI6MTIwMDAwMDAwMDAwMH19",
          "dependencies": [
            "aws_vpc.main"
          ]
        }
      ]
    },
    {
      "mode": "managed",
      "type": "aws_launch_template",
      "name": "ecs_template",
      "provider": "provider[\"registry.terraform.io/hashicorp/aws\"]",
      "instances": [
        {
          "schema_version": 0,
          "attributes": {
            "arn": "arn:aws:ec2:ap-southeast-1:533267047935:launch-template/lt-0d52fd955ff01531c",
            "block_device_mappings": [],
            "capacity_reservation_specification": [],
            "cpu_options": [],
            "credit_specification": [],
            "default_version": 1,
            "description": "",
            "disable_api_stop": false,
            "disable_api_termination": false,
            "ebs_optimized": "",
            "elastic_gpu_specifications": [],
            "elastic_inference_accelerator": [],
            "enclave_options": [],
            "hibernation_options": [],
            "iam_instance_profile": [
              {
                "arn": "",
                "name": "ecs-s3-mount-ecs-instance-profile"
              }
            ],
            "id": "lt-0d52fd955ff01531c",
            "image_id": "ami-071c1b4811757aa5b",
            "instance_initiated_shutdown_behavior": "",
            "instance_market_options": [],
            "instance_requirements": [],
            "instance_type": "t3.xlarge",
            "kernel_id": "",
            "key_name": "",
            "latest_version": 1,
            "license_specification": [],
            "maintenance_options": [],
            "metadata_options": [],
            "monitoring": [],
            "name": "ecs-s3-mount-20251110094200715100000007",
            "name_prefix": "ecs-s3-mount-",
            "network_interfaces": [],
            "placement": [],
            "private_dns_name_options": [],
            "ram_disk_id": "",
            "security_group_names": null,
            "tag_specifications": [
              {
                "resource_type": "instance",
                "tags": {
                  "Compliance": "None",
                  "CostCenter": "Engineering",
                  "Environment": "test",
                  "ManagedBy": "terraform",
                  "Name": "ecs-s3-mount-ecs-instance",
                  "Owner": "DevOps Team",
                  "Project": "ecs-s3-mount"
                }
              }
            ],
            "tags": {
              "Compliance": "None",
              "CostCenter": "Engineering",
              "Environment": "test",
              "ManagedBy": "terraform",
              "Owner": "DevOps Team",
              "Project": "ecs-s3-mount"
            },
            "tags_all": {
              "Compliance": "None",
              "CostCenter": "Engineering",
              "Environment": "test",
              "ManagedBy": "terraform",
              "Owner": "DevOps Team",
              "Project": "ecs-s3-mount"
            },
            "update_default_version": null,
            "user_data": "IyEvYmluL2Jhc2gKc2V0IC1lICAjIEV4aXQgb24gZXJyb3IKCiMgTG9nIGFsbCBvdXRwdXQKZXhlYyA+ID4odGVlIC92YXIvbG9nL3VzZXItZGF0YS5sb2cpCmV4ZWMgMj4mMQoKZWNobyAiU3RhcnRpbmcgdXNlciBkYXRhIHNjcmlwdCBhdCAkKGRhdGUpIgoKIyBVcGRhdGUgc3lzdGVtCmVjaG8gIlVwZGF0aW5nIHN5c3RlbSBwYWNrYWdlcy4uLiIKeXVtIHVwZGF0ZSAteQoKIyBJbnN0YWxsIG1vdW50LXMzCmVjaG8gIkluc3RhbGxpbmcgbW91bnQtczMuLi4iCmN1cmwgLUwgaHR0cHM6Ly9zMy5hbWF6b25hd3MuY29tL21vdW50cG9pbnQtczMtcmVsZWFzZS9sYXRlc3QveDg2XzY0L21vdW50LXMzLnJwbSAtbyAvdG1wL21vdW50LXMzLnJwbQp5dW0gaW5zdGFsbCAteSAvdG1wL21vdW50LXMzLnJwbQoKIyBWZXJpZnkgbW91bnQtczMgaW5zdGFsbGF0aW9uCmlmICEgY29tbWFuZCAtdiBtb3VudC1zMyAmPiAvZGV2L251bGw7IHRoZW4KICAgIGVjaG8gIkVSUk9SOiBtb3VudC1zMyBpbnN0YWxsYXRpb24gZmFpbGVkIgogICAgZXhpdCAxCmZpCmVjaG8gIm1vdW50LXMzIGluc3RhbGxlZCBzdWNjZXNzZnVsbHk6ICQobW91bnQtczMgLS12ZXJzaW9uKSIKCiMgQ3JlYXRlIG1vdW50IHBvaW50IGRpcmVjdG9yeQplY2hvICJDcmVhdGluZyBtb3VudCBwb2ludCBkaXJlY3RvcnkuLi4iCm1rZGlyIC1wIC9tbnQvczMtYnVja2V0CgojIENvbmZpZ3VyZSBFQ1MgYWdlbnQKZWNobyAiQ29uZmlndXJpbmcgRUNTIGFnZW50Li4uIgplY2hvICJFQ1NfQ0xVU1RFUj1lY3MtczMtbW91bnQtY2x1c3RlciIgPj4gL2V0Yy9lY3MvZWNzLmNvbmZpZwplY2hvICJFQ1NfRU5BQkxFX0xPR0dJTkc9dHJ1ZSIgPj4gL2V0Yy9lY3MvZWNzLmNvbmZpZwplY2hvICJFQ1NfQVZBSUxBQkxFX0xPR0dJTkdfRFJJVkVSUz1bXCJqc29uLWZpbGVcIixcImF3c2xvZ3NcIl0iID4+IC9ldGMvZWNzL2Vjcy5jb25maWcKCiMgTW91bnQgUzMgYnVja2V0IHVzaW5nIG1vdW50LXMzCmVjaG8gIk1vdW50aW5nIFMzIGJ1Y2tldCBlY3MtczMtdGVzdC1idWNrZXQtZmtyMmd2dGQuLi4iCm1vdW50LXMzIGVjcy1zMy10ZXN0LWJ1Y2tldC1ma3IyZ3Z0ZCAvbW50L3MzLWJ1Y2tldCAtLWFsbG93LW90aGVyIC0tcmVnaW9uIGFwLXNvdXRoZWFzdC0xCgojIFZlcmlmeSBtb3VudAppZiBtb3VudHBvaW50IC1xIC9tbnQvczMtYnVja2V0OyB0aGVuCiAgICBlY2hvICJTMyBidWNrZXQgbW91bnRlZCBzdWNjZXNzZnVsbHkiCmVsc2UKICAgIGVjaG8gIkVSUk9SOiBTMyBidWNrZXQgbW91bnQgZmFpbGVkIgogICAgZXhpdCAxCmZpCgojIEFkZCB0byBmc3RhYiBmb3IgcGVyc2lzdGVuY2UKZWNobyAiczM6Ly9lY3MtczMtdGVzdC1idWNrZXQtZmtyMmd2dGQgL21udC9zMy1idWNrZXQgbW91bnQtczMgX25ldGRldixub3N1aWQsbm9kZXYscncsYWxsb3ctb3RoZXIsbm9mYWlsIDAgMCIgPj4gL2V0Yy9mc3RhYgoKIyBSZXN0YXJ0IEVDUyBhZ2VudCB0byBwaWNrIHVwIG5ldyBjb25maWd1cmF0aW9uCiMgZWNobyAiUmVzdGFydGluZyBFQ1MgYWdlbnQuLi4iCiMgc3lzdGVtY3RsIHJlc3RhcnQgZWNzCgojIFdhaXQgZm9yIEVDUyBhZ2VudCB0byBzdGFydApzbGVlcCAxCgojIExvZyBtb3VudCBzdGF0dXMKZWNobyAiPT09IE1vdW50IFN0YXR1cyA9PT0iID4+IC92YXIvbG9nL3MzLW1vdW50LmxvZwplY2hvICJUaW1lc3RhbXA6ICQoZGF0ZSkiID4+IC92YXIvbG9nL3MzLW1vdW50LmxvZwplY2hvICJTMyBidWNrZXQgZWNzLXMzLXRlc3QtYnVja2V0LWZrcjJndnRkIG1vdW50ZWQgdG8gL21udC9zMy1idWNrZXQiID4+IC92YXIvbG9nL3MzLW1vdW50LmxvZwplY2hvICJNb3VudCBwb2ludCBjaGVjazoiID4+IC92YXIvbG9nL3MzLW1vdW50LmxvZwptb3VudHBvaW50IC9tbnQvczMtYnVja2V0ID4+IC92YXIvbG9nL3MzLW1vdW50LmxvZyAyPiYxCmVjaG8gIkRpcmVjdG9yeSBjb250ZW50czoiID4+IC92YXIvbG9nL3MzLW1vdW50LmxvZwpscyAtbGEgL21udC9zMy1idWNrZXQgPj4gL3Zhci9sb2cvczMtbW91bnQubG9nIDI+JjEKCmVjaG8gIlVzZXIgZGF0YSBzY3JpcHQgY29tcGxldGVkIHN1Y2Nlc3NmdWxseSBhdCAkKGRhdGUpIg==",
            "vpc_security_group_ids": [
              "sg-09dcd8b91c2811b36"
            ]
          },
          "sensitive_attributes": [],
          "identity_schema_version": 0,
          "private": "bnVsbA==",
          "dependencies": [
            "aws_ecs_cluster.main",
            "aws_iam_instance_profile.ecs_instance_profile",
            "aws_iam_role.ecs_instance_role",
            "aws_s3_bucket.test_bucket",
            "aws_security_group.ecs_sg",
            "aws_vpc.main",
            "data.aws_ami.ecs_optimized",
            "random_string.suffix"
          ]
        }
      ]
    },
    {
      "mode": "managed",
      "type": "aws_route_table",
      "name": "public",
      "provider": "provider[\"registry.terraform.io/hashicorp/aws\"]",
      "instances": [
        {
          "schema_version": 0,
          "attributes": {
            "arn": "arn:aws:ec2:ap-southeast-1:533267047935:route-table/rtb-0daeb185654b114e2",
            "id": "rtb-0daeb185654b114e2",
            "owner_id": "533267047935",
            "propagating_vgws": [],
            "route": [
              {
                "carrier_gateway_id": "",
                "cidr_block": "0.0.0.0/0",
                "core_network_arn": "",
                "destination_prefix_list_id": "",
                "egress_only_gateway_id": "",
                "gateway_id": "igw-0564ce25058a2282e",
                "ipv6_cidr_block": "",
                "local_gateway_id": "",
                "nat_gateway_id": "",
                "network_interface_id": "",
                "transit_gateway_id": "",
                "vpc_endpoint_id": "",
                "vpc_peering_connection_id": ""
              }
            ],
            "tags": {
              "Compliance": "None",
              "CostCenter": "Engineering",
              "Environment": "test",
              "ManagedBy": "terraform",
              "Name": "ecs-s3-mount-public-rt",
              "Owner": "DevOps Team",
              "Project": "ecs-s3-mount"
            },
            "tags_all": {
              "Compliance": "None",
              "CostCenter": "Engineering",
              "Environment": "test",
              "ManagedBy": "terraform",
              "Name": "ecs-s3-mount-public-rt",
              "Owner": "DevOps Team",
              "Project": "ecs-s3-mount"
            },
            "timeouts": null,
            "vpc_id": "vpc-0e7ef7b5337ec4f15"
          },
          "sensitive_attributes": [],
          "identity_schema_version": 0,
          "private": "eyJlMmJmYjczMC1lY2FhLTExZTYtOGY4OC0zNDM2M2JjN2M0YzAiOnsiY3JlYXRlIjozMDAwMDAwMDAwMDAsImRlbGV0ZSI6MzAwMDAwMDAwMDAwLCJ1cGRhdGUiOjEyMDAwMDAwMDAwMH19",
          "dependencies": [
            "aws_internet_gateway.main",
            "aws_vpc.main"
          ]
        }
      ]
    },
    {
      "mode": "managed",
      "type": "aws_route_table_association",
      "name": "public",
      "provider": "provider[\"registry.terraform.io/hashicorp/aws\"]",
      "instances": [
        {
          "index_key": 0,
          "schema_version": 0,
          "attributes": {
            "gateway_id": "",
            "id": "rtbassoc-07f3361c2b5b77947",
            "route_table_id": "rtb-0daeb185654b114e2",
            "subnet_id": "subnet-0338e931fe57d0471",
            "timeouts": null
          },
          "sensitive_attributes": [],
          "identity_schema_version": 0,
          "private": "eyJlMmJmYjczMC1lY2FhLTExZTYtOGY4OC0zNDM2M2JjN2M0YzAiOnsiY3JlYXRlIjozMDAwMDAwMDAwMDAsImRlbGV0ZSI6MzAwMDAwMDAwMDAwLCJ1cGRhdGUiOjEyMDAwMDAwMDAwMH19",
          "dependencies": [
            "aws_internet_gateway.main",
            "aws_route_table.public",
            "aws_subnet.public",
            "aws_vpc.main",
            "data.aws_availability_zones.available"
          ]
        },
        {
          "index_key": 1,
          "schema_version": 0,
          "attributes": {
            "gateway_id": "",
            "id": "rtbassoc-05bbcf60759f3914c",
            "route_table_id": "rtb-0daeb185654b114e2",
            "subnet_id": "subnet-04f2a535f65c37d39",
            "timeouts": null
          },
          "sensitive_attributes": [],
          "identity_schema_version": 0,
          "private": "eyJlMmJmYjczMC1lY2FhLTExZTYtOGY4OC0zNDM2M2JjN2M0YzAiOnsiY3JlYXRlIjozMDAwMDAwMDAwMDAsImRlbGV0ZSI6MzAwMDAwMDAwMDAwLCJ1cGRhdGUiOjEyMDAwMDAwMDAwMH19",
          "dependencies": [
            "aws_internet_gateway.main",
            "aws_route_table.public",
            "aws_subnet.public",
            "aws_vpc.main",
            "data.aws_availability_zones.available"
          ]
        }
      ]
    },
    {
      "mode": "managed",
      "type": "aws_s3_bucket",
      "name": "test_bucket",
      "provider": "provider[\"registry.terraform.io/hashicorp/aws\"]",
      "instances": [
        {
          "schema_version": 0,
          "attributes": {
            "acceleration_status": "",
            "acl": null,
            "arn": "arn:aws:s3:::ecs-s3-test-bucket-fkr2gvtd",
            "bucket": "ecs-s3-test-bucket-fkr2gvtd",
            "bucket_domain_name": "ecs-s3-test-bucket-fkr2gvtd.s3.amazonaws.com",
            "bucket_prefix": "",
            "bucket_regional_domain_name": "ecs-s3-test-bucket-fkr2gvtd.s3.ap-southeast-1.amazonaws.com",
            "cors_rule": [],
            "force_destroy": false,
            "grant": [
              {
                "id": "e22ed39c5f9fcd4157f9230ad886c0b92771c1a777757b5f1087277352a18e6c",
                "permissions": [
                  "FULL_CONTROL"
                ],
                "type": "CanonicalUser",
                "uri": ""
              }
            ],
            "hosted_zone_id": "Z3O0J2DXBE1FTB",
            "id": "ecs-s3-test-bucket-fkr2gvtd",
            "lifecycle_rule": [],
            "logging": [],
            "object_lock_configuration": [],
            "object_lock_enabled": false,
            "policy": "",
            "region": "ap-southeast-1",
            "replication_configuration": [],
            "request_payer": "BucketOwner",
            "server_side_encryption_configuration": [
              {
                "rule": [
                  {
                    "apply_server_side_encryption_by_default": [
                      {
                        "kms_master_key_id": "",
                        "sse_algorithm": "AES256"
                      }
                    ],
                    "bucket_key_enabled": false
                  }
                ]
              }
            ],
            "tags": {
              "Compliance": "None",
              "CostCenter": "Engineering",
              "Environment": "test",
              "ManagedBy": "terraform",
              "Owner": "DevOps Team",
              "Project": "ecs-s3-mount"
            },
            "tags_all": {
              "Compliance": "None",
              "CostCenter": "Engineering",
              "Environment": "test",
              "ManagedBy": "terraform",
              "Owner": "DevOps Team",
              "Project": "ecs-s3-mount"
            },
            "timeouts": null,
            "versioning": [
              {
                "enabled": false,
                "mfa_delete": false
              }
            ],
            "website": [],
            "website_domain": null,
            "website_endpoint": null
          },
          "sensitive_attributes": [],
          "identity_schema_version": 0,
          "private": "eyJlMmJmYjczMC1lY2FhLTExZTYtOGY4OC0zNDM2M2JjN2M0YzAiOnsiY3JlYXRlIjoxMjAwMDAwMDAwMDAwLCJkZWxldGUiOjM2MDAwMDAwMDAwMDAsInJlYWQiOjEyMDAwMDAwMDAwMDAsInVwZGF0ZSI6MTIwMDAwMDAwMDAwMH19",
          "dependencies": [
            "random_string.suffix"
          ]
        }
      ]
    },
    {
      "mode": "managed",
      "type": "aws_s3_bucket_server_side_encryption_configuration",
      "name": "test_bucket",
      "provider": "provider[\"registry.terraform.io/hashicorp/aws\"]",
      "instances": [
        {
          "schema_version": 0,
          "attributes": {
            "bucket": "ecs-s3-test-bucket-fkr2gvtd",
            "expected_bucket_owner": "",
            "id": "ecs-s3-test-bucket-fkr2gvtd",
            "rule": [
              {
                "apply_server_side_encryption_by_default": [
                  {
                    "kms_master_key_id": "",
                    "sse_algorithm": "AES256"
                  }
                ],
                "bucket_key_enabled": null
              }
            ]
          },
          "sensitive_attributes": [],
          "identity_schema_version": 0,
          "private": "bnVsbA==",
          "dependencies": [
            "aws_s3_bucket.test_bucket",
            "random_string.suffix"
          ]
        }
      ]
    },
    {
      "mode": "managed",
      "type": "aws_s3_bucket_versioning",
      "name": "test_bucket",
      "provider": "provider[\"registry.terraform.io/hashicorp/aws\"]",
      "instances": [
        {
          "schema_version": 0,
          "attributes": {
            "bucket": "ecs-s3-test-bucket-fkr2gvtd",
            "expected_bucket_owner": "",
            "id": "ecs-s3-test-bucket-fkr2gvtd",
            "mfa": null,
            "versioning_configuration": [
              {
                "mfa_delete": "",
                "status": "Enabled"
              }
            ]
          },
          "sensitive_attributes": [],
          "identity_schema_version": 0,
          "private": "bnVsbA==",
          "dependencies": [
            "aws_s3_bucket.test_bucket",
            "random_string.suffix"
          ]
        }
      ]
    },
    {
      "mode": "managed",
      "type": "aws_s3_object",
      "name": "test_file",
      "provider": "provider[\"registry.terraform.io/hashicorp/aws\"]",
      "instances": [
        {
          "schema_version": 0,
          "attributes": {
            "acl": null,
            "arn": "arn:aws:s3:::ecs-s3-test-bucket-fkr2gvtd/test-data/sample.txt",
            "bucket": "ecs-s3-test-bucket-fkr2gvtd",
            "bucket_key_enabled": false,
            "cache_control": "",
            "checksum_algorithm": null,
            "checksum_crc32": "",
            "checksum_crc32c": "",
            "checksum_crc64nvme": "",
            "checksum_sha1": "",
            "checksum_sha256": "",
            "content": "Hello from S3! This is a test file for ECS S3 mount.\nTimestamp: 2025-11-10T09:41:49Z",
            "content_base64": null,
            "content_disposition": "",
            "content_encoding": "",
            "content_language": "",
            "content_type": "application/octet-stream",
            "etag": "a992d4f7a74705f75b01eb188917d0e8",
            "force_destroy": false,
            "id": "test-data/sample.txt",
            "key": "test-data/sample.txt",
            "kms_key_id": null,
            "metadata": null,
            "object_lock_legal_hold_status": "",
            "object_lock_mode": "",
            "object_lock_retain_until_date": "",
            "override_provider": [],
            "server_side_encryption": "AES256",
            "source": null,
            "source_hash": null,
            "storage_class": "STANDARD",
            "tags": {
              "Compliance": "None",
              "CostCenter": "Engineering",
              "Environment": "test",
              "ManagedBy": "terraform",
              "Owner": "DevOps Team",
              "Project": "ecs-s3-mount"
            },
            "tags_all": {
              "Compliance": "None",
              "CostCenter": "Engineering",
              "Environment": "test",
              "ManagedBy": "terraform",
              "Owner": "DevOps Team",
              "Project": "ecs-s3-mount"
            },
            "version_id": "ZFfJuBN.lcUhJE2.i6MZ4Ymu1lPzOi4n",
            "website_redirect": ""
          },
          "sensitive_attributes": [],
          "identity_schema_version": 0,
          "private": "bnVsbA==",
          "dependencies": [
            "aws_s3_bucket.test_bucket",
            "random_string.suffix"
          ]
        }
      ]
    },
    {
      "mode": "managed",
      "type": "aws_s3_object",
      "name": "test_json",
      "provider": "provider[\"registry.terraform.io/hashicorp/aws\"]",
      "instances": [
        {
          "schema_version": 0,
          "attributes": {
            "acl": null,
            "arn": "arn:aws:s3:::ecs-s3-test-bucket-fkr2gvtd/test-data/config.json",
            "bucket": "ecs-s3-test-bucket-fkr2gvtd",
            "bucket_key_enabled": false,
            "cache_control": "",
            "checksum_algorithm": null,
            "checksum_crc32": "",
            "checksum_crc32c": "",
            "checksum_crc64nvme": "",
            "checksum_sha1": "",
            "checksum_sha256": "",
            "content": "{\"app_name\":\"ecs-s3-test\",\"environment\":\"test\",\"timestamp\":\"2025-11-10T09:41:49Z\",\"version\":\"1.0.0\"}",
            "content_base64": null,
            "content_disposition": "",
            "content_encoding": "",
            "content_language": "",
            "content_type": "application/octet-stream",
            "etag": "49f8709103aceca81d326ec5393167e7",
            "force_destroy": false,
            "id": "test-data/config.json",
            "key": "test-data/config.json",
            "kms_key_id": null,
            "metadata": null,
            "object_lock_legal_hold_status": "",
            "object_lock_mode": "",
            "object_lock_retain_until_date": "",
            "override_provider": [],
            "server_side_encryption": "AES256",
            "source": null,
            "source_hash": null,
            "storage_class": "STANDARD",
            "tags": {
              "Compliance": "None",
              "CostCenter": "Engineering",
              "Environment": "test",
              "ManagedBy": "terraform",
              "Owner": "DevOps Team",
              "Project": "ecs-s3-mount"
            },
            "tags_all": {
              "Compliance": "None",
              "CostCenter": "Engineering",
              "Environment": "test",
              "ManagedBy": "terraform",
              "Owner": "DevOps Team",
              "Project": "ecs-s3-mount"
            },
            "version_id": "uhSmFL7HJq.thplijyn7Aet55xRdnI3X",
            "website_redirect": ""
          },
          "sensitive_attributes": [],
          "identity_schema_version": 0,
          "private": "bnVsbA==",
          "dependencies": [
            "aws_s3_bucket.test_bucket",
            "random_string.suffix"
          ]
        }
      ]
    },
    {
      "mode": "managed",
      "type": "aws_security_group",
      "name": "ecs_sg",
      "provider": "provider[\"registry.terraform.io/hashicorp/aws\"]",
      "instances": [
        {
          "schema_version": 1,
          "attributes": {
            "arn": "arn:aws:ec2:ap-southeast-1:533267047935:security-group/sg-09dcd8b91c2811b36",
            "description": "Managed by Terraform",
            "egress": [
              {
                "cidr_blocks": [
                  "0.0.0.0/0"
                ],
                "description": "",
                "from_port": 0,
                "ipv6_cidr_blocks": [],
                "prefix_list_ids": [],
                "protocol": "-1",
                "security_groups": [],
                "self": false,
                "to_port": 0
              }
            ],
            "id": "sg-09dcd8b91c2811b36",
            "ingress": [
              {
                "cidr_blocks": [
                  "0.0.0.0/0"
                ],
                "description": "",
                "from_port": 443,
                "ipv6_cidr_blocks": [],
                "prefix_list_ids": [],
                "protocol": "tcp",
                "security_groups": [],
                "self": false,
                "to_port": 443
              },
              {
                "cidr_blocks": [
                  "0.0.0.0/0"
                ],
                "description": "",
                "from_port": 80,
                "ipv6_cidr_blocks": [],
                "prefix_list_ids": [],
                "protocol": "tcp",
                "security_groups": [],
                "self": false,
                "to_port": 80
              }
            ],
            "name": "ecs-s3-mount-ecs-20251110094158322700000005",
            "name_prefix": "ecs-s3-mount-ecs-",
            "owner_id": "533267047935",
            "revoke_rules_on_delete": false,
            "tags": {
              "Compliance": "None",
              "CostCenter": "Engineering",
              "Environment": "test",
              "ManagedBy": "terraform",
              "Name": "ecs-s3-mount-ecs-sg",
              "Owner": "DevOps Team",
              "Project": "ecs-s3-mount"
            },
            "tags_all": {
              "Compliance": "None",
              "CostCenter": "Engineering",
              "Environment": "test",
              "ManagedBy": "terraform",
              "Name": "ecs-s3-mount-ecs-sg",
              "Owner": "DevOps Team",
              "Project": "ecs-s3-mount"
            },
            "timeouts": null,
            "vpc_id": "vpc-0e7ef7b5337ec4f15"
          },
          "sensitive_attributes": [],
          "identity_schema_version": 0,
          "private": "eyJlMmJmYjczMC1lY2FhLTExZTYtOGY4OC0zNDM2M2JjN2M0YzAiOnsiY3JlYXRlIjo2MDAwMDAwMDAwMDAsImRlbGV0ZSI6OTAwMDAwMDAwMDAwfSwic2NoZW1hX3ZlcnNpb24iOiIxIn0=",
          "dependencies": [
            "aws_vpc.main"
          ]
        }
      ]
    },
    {
      "mode": "managed",
      "type": "aws_subnet",
      "name": "public",
      "provider": "provider[\"registry.terraform.io/hashicorp/aws\"]",
      "instances": [
        {
          "index_key": 0,
          "schema_version": 1,
          "attributes": {
            "arn": "arn:aws:ec2:ap-southeast-1:533267047935:subnet/subnet-0338e931fe57d0471",
            "assign_ipv6_address_on_creation": false,
            "availability_zone": "ap-southeast-1a",
            "availability_zone_id": "apse1-az1",
            "cidr_block": "10.109.1.0/24",
            "customer_owned_ipv4_pool": "",
            "enable_dns64": false,
            "enable_lni_at_device_index": 0,
            "enable_resource_name_dns_a_record_on_launch": false,
            "enable_resource_name_dns_aaaa_record_on_launch": false,
            "id": "subnet-0338e931fe57d0471",
            "ipv6_cidr_block": "",
            "ipv6_cidr_block_association_id": "",
            "ipv6_native": false,
            "map_customer_owned_ip_on_launch": false,
            "map_public_ip_on_launch": true,
            "outpost_arn": "",
            "owner_id": "533267047935",
            "private_dns_hostname_type_on_launch": "ip-name",
            "tags": {
              "Compliance": "None",
              "CostCenter": "Engineering",
              "Environment": "test",
              "ManagedBy": "terraform",
              "Name": "ecs-s3-mount-public-subnet-1",
              "Owner": "DevOps Team",
              "Project": "ecs-s3-mount",
              "Tier": "Public"
            },
            "tags_all": {
              "Compliance": "None",
              "CostCenter": "Engineering",
              "Environment": "test",
              "ManagedBy": "terraform",
              "Name": "ecs-s3-mount-public-subnet-1",
              "Owner": "DevOps Team",
              "Project": "ecs-s3-mount",
              "Tier": "Public"
            },
            "timeouts": null,
            "vpc_id": "vpc-0e7ef7b5337ec4f15"
          },
          "sensitive_attributes": [],
          "identity_schema_version": 0,
          "private": "eyJlMmJmYjczMC1lY2FhLTExZTYtOGY4OC0zNDM2M2JjN2M0YzAiOnsiY3JlYXRlIjo2MDAwMDAwMDAwMDAsImRlbGV0ZSI6MTIwMDAwMDAwMDAwMH0sInNjaGVtYV92ZXJzaW9uIjoiMSJ9",
          "dependencies": [
            "aws_vpc.main",
            "data.aws_availability_zones.available"
          ]
        },
        {
          "index_key": 1,
          "schema_version": 1,
          "attributes": {
            "arn": "arn:aws:ec2:ap-southeast-1:533267047935:subnet/subnet-04f2a535f65c37d39",
            "assign_ipv6_address_on_creation": false,
            "availability_zone": "ap-southeast-1b",
            "availability_zone_id": "apse1-az2",
            "cidr_block": "10.109.2.0/24",
            "customer_owned_ipv4_pool": "",
            "enable_dns64": false,
            "enable_lni_at_device_index": 0,
            "enable_resource_name_dns_a_record_on_launch": false,
            "enable_resource_name_dns_aaaa_record_on_launch": false,
            "id": "subnet-04f2a535f65c37d39",
            "ipv6_cidr_block": "",
            "ipv6_cidr_block_association_id": "",
            "ipv6_native": false,
            "map_customer_owned_ip_on_launch": false,
            "map_public_ip_on_launch": true,
            "outpost_arn": "",
            "owner_id": "533267047935",
            "private_dns_hostname_type_on_launch": "ip-name",
            "tags": {
              "Compliance": "None",
              "CostCenter": "Engineering",
              "Environment": "test",
              "ManagedBy": "terraform",
              "Name": "ecs-s3-mount-public-subnet-2",
              "Owner": "DevOps Team",
              "Project": "ecs-s3-mount",
              "Tier": "Public"
            },
            "tags_all": {
              "Compliance": "None",
              "CostCenter": "Engineering",
              "Environment": "test",
              "ManagedBy": "terraform",
              "Name": "ecs-s3-mount-public-subnet-2",
              "Owner": "DevOps Team",
              "Project": "ecs-s3-mount",
              "Tier": "Public"
            },
            "timeouts": null,
            "vpc_id": "vpc-0e7ef7b5337ec4f15"
          },
          "sensitive_attributes": [],
          "identity_schema_version": 0,
          "private": "eyJlMmJmYjczMC1lY2FhLTExZTYtOGY4OC0zNDM2M2JjN2M0YzAiOnsiY3JlYXRlIjo2MDAwMDAwMDAwMDAsImRlbGV0ZSI6MTIwMDAwMDAwMDAwMH0sInNjaGVtYV92ZXJzaW9uIjoiMSJ9",
          "dependencies": [
            "aws_vpc.main",
            "data.aws_availability_zones.available"
          ]
        }
      ]
    },
    {
      "mode": "managed",
      "type": "aws_vpc",
      "name": "main",
      "provider": "provider[\"registry.terraform.io/hashicorp/aws\"]",
      "instances": [
        {
          "schema_version": 1,
          "attributes": {
            "arn": "arn:aws:ec2:ap-southeast-1:533267047935:vpc/vpc-0e7ef7b5337ec4f15",
            "assign_generated_ipv6_cidr_block": false,
            "cidr_block": "10.109.0.0/16",
            "default_network_acl_id": "acl-085ca3cb3dbb9b8d4",
            "default_route_table_id": "rtb-0c37c7b076ab5d8aa",
            "default_security_group_id": "sg-04ff97dc28f191919",
            "dhcp_options_id": "dopt-00d1bfccce4b8e338",
            "enable_dns_hostnames": true,
            "enable_dns_support": true,
            "enable_network_address_usage_metrics": false,
            "id": "vpc-0e7ef7b5337ec4f15",
            "instance_tenancy": "default",
            "ipv4_ipam_pool_id": null,
            "ipv4_netmask_length": null,
            "ipv6_association_id": "",
            "ipv6_cidr_block": "",
            "ipv6_cidr_block_network_border_group": "",
            "ipv6_ipam_pool_id": "",
            "ipv6_netmask_length": 0,
            "main_route_table_id": "rtb-0c37c7b076ab5d8aa",
            "owner_id": "533267047935",
            "tags": {
              "Compliance": "None",
              "CostCenter": "Engineering",
              "Environment": "test",
              "ManagedBy": "terraform",
              "Name": "ecs-s3-mount-vpc",
              "Owner": "DevOps Team",
              "Project": "ecs-s3-mount"
            },
            "tags_all": {
              "Compliance": "None",
              "CostCenter": "Engineering",
              "Environment": "test",
              "ManagedBy": "terraform",
              "Name": "ecs-s3-mount-vpc",
              "Owner": "DevOps Team",
              "Project": "ecs-s3-mount"
            }
          },
          "sensitive_attributes": [],
          "identity_schema_version": 0,
          "private": "eyJzY2hlbWFfdmVyc2lvbiI6IjEifQ=="
        }
      ]
    },
    {
      "mode": "managed",
      "type": "random_string",
      "name": "suffix",
      "provider": "provider[\"registry.terraform.io/hashicorp/random\"]",
      "instances": [
        {
          "schema_version": 2,
          "attributes": {
            "id": "fkr2gvtd",
            "keepers": null,
            "length": 8,
            "lower": true,
            "min_lower": 0,
            "min_numeric": 0,
            "min_special": 0,
            "min_upper": 0,
            "number": true,
            "numeric": true,
            "override_special": null,
            "result": "fkr2gvtd",
            "special": false,
            "upper": false
          },
          "sensitive_attributes": [],
          "identity_schema_version": 0
        }
      ]
    }
  ],
  "check_results": [
    {
      "object_kind": "var",
      "config_addr": "var.log_retention_days",
      "status": "pass",
      "objects": [
        {
          "object_addr": "var.log_retention_days",
          "status": "pass"
        }
      ]
    },
    {
      "object_kind": "var",
      "config_addr": "var.ecs_service_desired_count",
      "status": "pass",
      "objects": [
        {
          "object_addr": "var.ecs_service_desired_count",
          "status": "pass"
        }
      ]
    },
    {
      "object_kind": "var",
      "config_addr": "var.asg_min_size",
      "status": "pass",
      "objects": [
        {
          "object_addr": "var.asg_min_size",
          "status": "pass"
        }
      ]
    },
    {
      "object_kind": "var",
      "config_addr": "var.vpc_cidr",
      "status": "pass",
      "objects": [
        {
          "object_addr": "var.vpc_cidr",
          "status": "pass"
        }
      ]
    },
    {
      "object_kind": "var",
      "config_addr": "var.task_cpu",
      "status": "pass",
      "objects": [
        {
          "object_addr": "var.task_cpu",
          "status": "pass"
        }
      ]
    },
    {
      "object_kind": "var",
      "config_addr": "var.instance_type",
      "status": "pass",
      "objects": [
        {
          "object_addr": "var.instance_type",
          "status": "pass"
        }
      ]
    },
    {
      "object_kind": "var",
      "config_addr": "var.task_memory",
      "status": "pass",
      "objects": [
        {
          "object_addr": "var.task_memory",
          "status": "pass"
        }
      ]
    },
    {
      "object_kind": "var",
      "config_addr": "var.public_subnet_cidrs",
      "status": "pass",
      "objects": [
        {
          "object_addr": "var.public_subnet_cidrs",
          "status": "pass"
        }
      ]
    },
    {
      "object_kind": "var",
      "config_addr": "var.asg_max_size",
      "status": "pass",
      "objects": [
        {
          "object_addr": "var.asg_max_size",
          "status": "pass"
        }
      ]
    },
    {
      "object_kind": "var",
      "config_addr": "var.availability_zones_count",
      "status": "pass",
      "objects": [
        {
          "object_addr": "var.availability_zones_count",
          "status": "pass"
        }
      ]
    },
    {
      "object_kind": "var",
      "config_addr": "var.asg_desired_capacity",
      "status": "pass",
      "objects": [
        {
          "object_addr": "var.asg_desired_capacity",
          "status": "pass"
        }
      ]
    }
  ]
}
